
Microsoft Visual Studio Solution File, Format Version 12.00
# Visual Studio Version 17
VisualStudioVersion = 17.0.31717.71
MinimumVisualStudioVersion = 10.0.40219.1
Project("{9A19103F-16F7-4668-BE54-9A1E7A4F7556}") = "EventoApp.Web", "EventoApp.Web.csproj", "{BA6EA28B-C2C0-4EEF-8AAD-1DC4457CE11C}"
EndProject
Global
	GlobalSection(SolutionConfigurationPlatforms) = preSolution
		Debug|Any CPU = Debug|Any CPU
		Release|Any CPU = Release|Any CPU
	EndGlobalSection
	GlobalSection(ProjectConfigurationPlatforms) = postSolution
		{BA6EA28B-C2C0-4EEF-8AAD-1DC4457CE11C}.Debug|Any CPU.ActiveCfg = Debug|Any CPU
		{BA6EA28B-C2C0-4EEF-8AAD-1DC4457CE11C}.Debug|Any CPU.Build.0 = Debug|Any CPU
		{BA6EA28B-C2C0-4EEF-8AAD-1DC4457CE11C}.Release|Any CPU.ActiveCfg = Release|Any CPU
		{BA6EA28B-C2C0-4EEF-8AAD-1DC4457CE11C}.Release|Any CPU.Build.0 = Release|Any CPU
	EndGlobalSection
	GlobalSection(SolutionProperties) = preSolution
		HideSolutionNode = FALSE
	EndGlobalSection
	GlobalSection(ExtensibilityGlobals) = postSolution
		SolutionGuid = {F704D969-F9F8-417D-B0C6-9D3D4214D871}
	EndGlobalSection
EndGlobal